
Microsoft Visual Studio Solution File, Format Version 12.00
# Visual Studio Version 16
VisualStudioVersion = 16.0.31424.327
MinimumVisualStudioVersion = 10.0.40219.1
Project("{9A19103F-16F7-4668-BE54-9A1E7A4F7556}") = "csharpcore", "csharpcore.csproj", "{74135694-A82D-40BF-9D5E-FAD3A4CA6F79}"
EndProject
Global
	GlobalSection(SolutionConfigurationPlatforms) = preSolution
		Debug|Any CPU = Debug|Any CPU
		Release|Any CPU = Release|Any CPU
	EndGlobalSection
	GlobalSection(ProjectConfigurationPlatforms) = postSolution
		{74135694-A82D-40BF-9D5E-FAD3A4CA6F79}.Debug|Any CPU.ActiveCfg = Debug|Any CPU
		{74135694-A82D-40BF-9D5E-FAD3A4CA6F79}.Debug|Any CPU.Build.0 = Debug|Any CPU
		{74135694-A82D-40BF-9D5E-FAD3A4CA6F79}.Release|Any CPU.ActiveCfg = Release|Any CPU
		{74135694-A82D-40BF-9D5E-FAD3A4CA6F79}.Release|Any CPU.Build.0 = Release|Any CPU
	EndGlobalSection
	GlobalSection(SolutionProperties) = preSolution
		HideSolutionNode = FALSE
	EndGlobalSection
	GlobalSection(ExtensibilityGlobals) = postSolution
		SolutionGuid = {B6800DB9-4FC6-4EFF-BAC8-9D00CB7E8D0E}
	EndGlobalSection
EndGlobal
